
Microsoft Visual Studio Solution File, Format Version 12.00
# Visual Studio Version 17
VisualStudioVersion = 17.3.32901.215
MinimumVisualStudioVersion = 10.0.40219.1
Project("{FAE04EC0-301F-11D3-BF4B-00C04F79EFBC}") = "note", "note\note.csproj", "{81696CD5-2CB1-41CC-BB89-81AF338213F1}"
EndProject
Global
	GlobalSection(SolutionConfigurationPlatforms) = preSolution
		Debug|Any CPU = Debug|Any CPU
		Release|Any CPU = Release|Any CPU
	EndGlobalSection
	GlobalSection(ProjectConfigurationPlatforms) = postSolution
		{81696CD5-2CB1-41CC-BB89-81AF338213F1}.Debug|Any CPU.ActiveCfg = Debug|Any CPU
		{81696CD5-2CB1-41CC-BB89-81AF338213F1}.Debug|Any CPU.Build.0 = Debug|Any CPU
		{81696CD5-2CB1-41CC-BB89-81AF338213F1}.Release|Any CPU.ActiveCfg = Release|Any CPU
		{81696CD5-2CB1-41CC-BB89-81AF338213F1}.Release|Any CPU.Build.0 = Release|Any CPU
	EndGlobalSection
	GlobalSection(SolutionProperties) = preSolution
		HideSolutionNode = FALSE
	EndGlobalSection
	GlobalSection(ExtensibilityGlobals) = postSolution
		SolutionGuid = {909EC76E-CC00-4733-A687-15749289A8EA}
	EndGlobalSection
EndGlobal
